
Microsoft Visual Studio Solution File, Format Version 12.00
# Visual Studio Version 16
VisualStudioVersion = 16.0.29215.179
MinimumVisualStudioVersion = 10.0.40219.1
Project("{FAE04EC0-301F-11D3-BF4B-00C04F79EFBC}") = "MemoryProject", "MemoryProject.csproj", "{07CC91BE-EC91-4318-94EF-0E69BF6735A7}"
EndProject
Global
	GlobalSection(SolutionConfigurationPlatforms) = preSolution
		Debug|Any CPU = Debug|Any CPU
		Release|Any CPU = Release|Any CPU
	EndGlobalSection
	GlobalSection(ProjectConfigurationPlatforms) = postSolution
		{07CC91BE-EC91-4318-94EF-0E69BF6735A7}.Debug|Any CPU.ActiveCfg = Debug|Any CPU
		{07CC91BE-EC91-4318-94EF-0E69BF6735A7}.Debug|Any CPU.Build.0 = Debug|Any CPU
		{07CC91BE-EC91-4318-94EF-0E69BF6735A7}.Release|Any CPU.ActiveCfg = Release|Any CPU
		{07CC91BE-EC91-4318-94EF-0E69BF6735A7}.Release|Any CPU.Build.0 = Release|Any CPU
	EndGlobalSection
	GlobalSection(SolutionProperties) = preSolution
		HideSolutionNode = FALSE
	EndGlobalSection
	GlobalSection(ExtensibilityGlobals) = postSolution
		SolutionGuid = {ACF9A34C-56A0-4D10-BA47-03D2DC951A12}
	EndGlobalSection
EndGlobal
